
Microsoft Visual Studio Solution File, Format Version 12.00
Project("{FAE04EC0-301F-11D3-BF4B-00C04F79EFBC}") = "MiniContainer", "MiniContainer.csproj", "{307CF399-37A7-4826-9903-BC805A755FC3}"
EndProject
Project("{FAE04EC0-301F-11D3-BF4B-00C04F79EFBC}") = "CodeGen", "..\CodeGen\CodeGen.csproj", "{E5729EAF-63E4-45AE-AC7D-41D544600AD4}"
EndProject
Global
	GlobalSection(SolutionConfigurationPlatforms) = preSolution
		Debug|Any CPU = Debug|Any CPU
		Release|Any CPU = Release|Any CPU
	EndGlobalSection
	GlobalSection(ProjectConfigurationPlatforms) = postSolution
		{307CF399-37A7-4826-9903-BC805A755FC3}.Debug|Any CPU.ActiveCfg = Debug|Any CPU
		{307CF399-37A7-4826-9903-BC805A755FC3}.Debug|Any CPU.Build.0 = Debug|Any CPU
		{307CF399-37A7-4826-9903-BC805A755FC3}.Release|Any CPU.ActiveCfg = Release|Any CPU
		{307CF399-37A7-4826-9903-BC805A755FC3}.Release|Any CPU.Build.0 = Release|Any CPU
		{E5729EAF-63E4-45AE-AC7D-41D544600AD4}.Debug|Any CPU.ActiveCfg = Debug|Any CPU
		{E5729EAF-63E4-45AE-AC7D-41D544600AD4}.Debug|Any CPU.Build.0 = Debug|Any CPU
		{E5729EAF-63E4-45AE-AC7D-41D544600AD4}.Release|Any CPU.ActiveCfg = Release|Any CPU
		{E5729EAF-63E4-45AE-AC7D-41D544600AD4}.Release|Any CPU.Build.0 = Release|Any CPU
	EndGlobalSection
EndGlobal
