
Microsoft Visual Studio Solution File, Format Version 12.00
# Visual Studio Version 16
VisualStudioVersion = 16.0.31911.196
MinimumVisualStudioVersion = 10.0.40219.1
Project("{FAE04EC0-301F-11D3-BF4B-00C04F79EFBC}") = "CodeGen", "CodeGen.csproj", "{8C018EE8-49B2-437C-9AE1-51D9EA6E90A1}"
EndProject
Global
	GlobalSection(SolutionConfigurationPlatforms) = preSolution
		Debug|Any CPU = Debug|Any CPU
		Release|Any CPU = Release|Any CPU
	EndGlobalSection
	GlobalSection(ProjectConfigurationPlatforms) = postSolution
		{8C018EE8-49B2-437C-9AE1-51D9EA6E90A1}.Debug|Any CPU.ActiveCfg = Debug|Any CPU
		{8C018EE8-49B2-437C-9AE1-51D9EA6E90A1}.Debug|Any CPU.Build.0 = Debug|Any CPU
		{8C018EE8-49B2-437C-9AE1-51D9EA6E90A1}.Release|Any CPU.ActiveCfg = Release|Any CPU
		{8C018EE8-49B2-437C-9AE1-51D9EA6E90A1}.Release|Any CPU.Build.0 = Release|Any CPU
	EndGlobalSection
	GlobalSection(SolutionProperties) = preSolution
		HideSolutionNode = FALSE
	EndGlobalSection
	GlobalSection(ExtensibilityGlobals) = postSolution
		SolutionGuid = {6D22835A-1EF0-4C26-B002-298E8260A53E}
	EndGlobalSection
EndGlobal
